
Microsoft Visual Studio Solution File, Format Version 12.00
# Visual Studio Version 17
VisualStudioVersion = 17.14.36212.18 d17.14
MinimumVisualStudioVersion = 10.0.40219.1
Project("{FAE04EC0-301F-11D3-BF4B-00C04F79EFBC}") = "Test", "Test\Test.csproj", "{A032DBC3-8D23-45DB-9AAB-85051FEE8FF7}"
EndProject
Global
	GlobalSection(SolutionConfigurationPlatforms) = preSolution
		Debug|Any CPU = Debug|Any CPU
		Release|Any CPU = Release|Any CPU
	EndGlobalSection
	GlobalSection(ProjectConfigurationPlatforms) = postSolution
		{A032DBC3-8D23-45DB-9AAB-85051FEE8FF7}.Debug|Any CPU.ActiveCfg = Debug|Any CPU
		{A032DBC3-8D23-45DB-9AAB-85051FEE8FF7}.Debug|Any CPU.Build.0 = Debug|Any CPU
		{A032DBC3-8D23-45DB-9AAB-85051FEE8FF7}.Release|Any CPU.ActiveCfg = Release|Any CPU
		{A032DBC3-8D23-45DB-9AAB-85051FEE8FF7}.Release|Any CPU.Build.0 = Release|Any CPU
	EndGlobalSection
	GlobalSection(SolutionProperties) = preSolution
		HideSolutionNode = FALSE
	EndGlobalSection
	GlobalSection(ExtensibilityGlobals) = postSolution
		SolutionGuid = {0DF68BC1-9A73-4FF8-939D-E78BE7F5CDFF}
	EndGlobalSection
EndGlobal
